// !$*UTF8*$!
{
	archiveVersion = 1;
	classes = {
	};
	objectVersion = 56;
	objects = {

/* Begin PBXBuildFile section */
		721E76E72A20BFE2001DFBBF /* CardfitApp.swift in Sources */ = {isa = PBXBuildFile; fileRef = 721E76E62A20BFE2001DFBBF /* CardfitApp.swift */; };
		721E76E92A20BFE2001DFBBF /* ContentView.swift in Sources */ = {isa = PBXBuildFile; fileRef = 721E76E82A20BFE2001DFBBF /* ContentView.swift */; };
		721E76EB2A20BFE4001DFBBF /* Assets.xcassets in Resources */ = {isa = PBXBuildFile; fileRef = 721E76EA2A20BFE4001DFBBF /* Assets.xcassets */; };
		721E76EE2A20BFE4001DFBBF /* Preview Assets.xcassets in Resources */ = {isa = PBXBuildFile; fileRef = 721E76ED2A20BFE4001DFBBF /* Preview Assets.xcassets */; };
		721E76F02A20BFE4001DFBBF /* Persistence.swift in Sources */ = {isa = PBXBuildFile; fileRef = 721E76EF2A20BFE4001DFBBF /* Persistence.swift */; };
		721E76F32A20BFE4001DFBBF /* Cardfit.xcdatamodeld in Sources */ = {isa = PBXBuildFile; fileRef = 721E76F12A20BFE4001DFBBF /* Cardfit.xcdatamodeld */; };
		721E772E2A247DBB001DFBBF /* FirebaseFirestore in Frameworks */ = {isa = PBXBuildFile; productRef = 721E772D2A247DBB001DFBBF /* FirebaseFirestore */; };
		721E77302A247DBB001DFBBF /* FirebaseFirestoreSwift in Frameworks */ = {isa = PBXBuildFile; productRef = 721E772F2A247DBB001DFBBF /* FirebaseFirestoreSwift */; };
		721E77322A247DBB001DFBBF /* FirebaseStorage in Frameworks */ = {isa = PBXBuildFile; productRef = 721E77312A247DBB001DFBBF /* FirebaseStorage */; };
/* End PBXBuildFile section */

/* Begin PBXFileReference section */
		721E76E32A20BFE2001DFBBF /* Cardfit.app */ = {isa = PBXFileReference; explicitFileType = wrapper.application; includeInIndex = 0; path = Cardfit.app; sourceTree = BUILT_PRODUCTS_DIR; };
		721E76E62A20BFE2001DFBBF /* CardfitApp.swift */ = {isa = PBXFileReference; lastKnownFileType = sourcecode.swift; path = CardfitApp.swift; sourceTree = "<group>"; };
		721E76E82A20BFE2001DFBBF /* ContentView.swift */ = {isa = PBXFileReference; lastKnownFileType = sourcecode.swift; path = ContentView.swift; sourceTree = "<group>"; };
		721E76EA2A20BFE4001DFBBF /* Assets.xcassets */ = {isa = PBXFileReference; lastKnownFileType = folder.assetcatalog; path = Assets.xcassets; sourceTree = "<group>"; };
		721E76ED2A20BFE4001DFBBF /* Preview Assets.xcassets */ = {isa = PBXFileReference; lastKnownFileType = folder.assetcatalog; path = "Preview Assets.xcassets"; sourceTree = "<group>"; };
		721E76EF2A20BFE4001DFBBF /* Persistence.swift */ = {isa = PBXFileReference; lastKnownFileType = sourcecode.swift; path = Persistence.swift; sourceTree = "<group>"; };
		721E76F22A20BFE4001DFBBF /* Cardfit.xcdatamodel */ = {isa = PBXFileReference; lastKnownFileType = wrapper.xcdatamodel; path = Cardfit.xcdatamodel; sourceTree = "<group>"; };
/* End PBXFileReference section */

/* Begin PBXFrameworksBuildPhase section */
		721E76E02A20BFE2001DFBBF /* Frameworks */ = {
			isa = PBXFrameworksBuildPhase;
			buildActionMask = 2147483647;
			files = (
				721E772E2A247DBB001DFBBF /* FirebaseFirestore in Frameworks */,
				721E77302A247DBB001DFBBF /* FirebaseFirestoreSwift in Frameworks */,
				721E77322A247DBB001DFBBF /* FirebaseStorage in Frameworks */,
			);
			runOnlyForDeploymentPostprocessing = 0;
		};
/* End PBXFrameworksBuildPhase section */

/* Begin PBXGroup section */
		721E76DA2A20BFE2001DFBBF = {
			isa = PBXGroup;
			children = (
				721E76E52A20BFE2001DFBBF /* Cardfit */,
				721E76E42A20BFE2001DFBBF /* Products */,
			);
			sourceTree = "<group>";
		};
		721E76E42A20BFE2001DFBBF /* Products */ = {
			isa = PBXGroup;
			children = (
				721E76E32A20BFE2001DFBBF /* Cardfit.app */,
			);
			name = Products;
			sourceTree = "<group>";
		};
		721E76E52A20BFE2001DFBBF /* Cardfit */ = {
			isa = PBXGroup;
			children = (
				721E76E62A20BFE2001DFBBF /* CardfitApp.swift */,
				721E76E82A20BFE2001DFBBF /* ContentView.swift */,
				721E76EA2A20BFE4001DFBBF /* Assets.xcassets */,
				721E76EF2A20BFE4001DFBBF /* Persistence.swift */,
				721E76F12A20BFE4001DFBBF /* Cardfit.xcdatamodeld */,
				721E76EC2A20BFE4001DFBBF /* Preview Content */,
			);
			path = Cardfit;
			sourceTree = "<group>";
		};
		721E76EC2A20BFE4001DFBBF /* Preview Content */ = {
			isa = PBXGroup;
			children = (
				721E76ED2A20BFE4001DFBBF /* Preview Assets.xcassets */,
			);
			path = "Preview Content";
			sourceTree = "<group>";
		};
/* End PBXGroup section */

/* Begin PBXNativeTarget section */
		721E76E22A20BFE2001DFBBF /* Cardfit */ = {
			isa = PBXNativeTarget;
			buildConfigurationList = 721E76F62A20BFE4001DFBBF /* Build configuration list for PBXNativeTarget "Cardfit" */;
			buildPhases = (
				721E76DF2A20BFE2001DFBBF /* Sources */,
				721E76E02A20BFE2001DFBBF /* Frameworks */,
				721E76E12A20BFE2001DFBBF /* Resources */,
			);
			buildRules = (
			);
			dependencies = (
			);
			name = Cardfit;
			packageProductDependencies = (
				721E772D2A247DBB001DFBBF /* FirebaseFirestore */,
				721E772F2A247DBB001DFBBF /* FirebaseFirestoreSwift */,
				721E77312A247DBB001DFBBF /* FirebaseStorage */,
			);
			productName = Cardfit;
			productReference = 721E76E32A20BFE2001DFBBF /* Cardfit.app */;
			productType = "com.apple.product-type.application";
		};
/* End PBXNativeTarget section */

/* Begin PBXProject section */
		721E76DB2A20BFE2001DFBBF /* Project object */ = {
			isa = PBXProject;
			attributes = {
				BuildIndependentTargetsInParallel = 1;
				LastSwiftUpdateCheck = 1430;
				LastUpgradeCheck = 1430;
				TargetAttributes = {
					721E76E22A20BFE2001DFBBF = {
						CreatedOnToolsVersion = 14.3;
					};
				};
			};
			buildConfigurationList = 721E76DE2A20BFE2001DFBBF /* Build configuration list for PBXProject "Cardfit" */;
			compatibilityVersion = "Xcode 14.0";
			developmentRegion = en;
			hasScannedForEncodings = 0;
			knownRegions = (
				en,
				Base,
			);
			mainGroup = 721E76DA2A20BFE2001DFBBF;
			packageReferences = (
				721E772C2A247DBB001DFBBF /* XCRemoteSwiftPackageReference "firebase-ios-sdk" */,
			);
			productRefGroup = 721E76E42A20BFE2001DFBBF /* Products */;
			projectDirPath = "";
			projectRoot = "";
			targets = (
				721E76E22A20BFE2001DFBBF /* Cardfit */,
			);
		};
/* End PBXProject section */

/* Begin PBXResourcesBuildPhase section */
		721E76E12A20BFE2001DFBBF /* Resources */ = {
			isa = PBXResourcesBuildPhase;
			buildActionMask = 2147483647;
			files = (
				721E76EE2A20BFE4001DFBBF /* Preview Assets.xcassets in Resources */,
				721E76EB2A20BFE4001DFBBF /* Assets.xcassets in Resources */,
			);
			runOnlyForDeploymentPostprocessing = 0;
		};
/* End PBXResourcesBuildPhase section */

/* Begin PBXSourcesBuildPhase section */
		721E76DF2A20BFE2001DFBBF /* Sources */ = {
			isa = PBXSourcesBuildPhase;
			buildActionMask = 2147483647;
			files = (
				721E76F02A20BFE4001DFBBF /* Persistence.swift in Sources */,
				721E76F32A20BFE4001DFBBF /* Cardfit.xcdatamodeld in Sources */,
				721E76E92A20BFE2001DFBBF /* ContentView.swift in Sources */,
				721E76E72A20BFE2001DFBBF /* CardfitApp.swift in Sources */,
			);
			runOnlyForDeploymentPostprocessing = 0;
		};
/* End PBXSourcesBuildPhase section */

/* Begin XCBuildConfiguration section */
		721E76F42A20BFE4001DFBBF /* Debug */ = {
			isa = XCBuildConfiguration;
			buildSettings = {
				ALWAYS_SEARCH_USER_PATHS = NO;
				CLANG_ANALYZER_NONNULL = YES;
				CLANG_ANALYZER_NUMBER_OBJECT_CONVERSION = YES_AGGRESSIVE;
				CLANG_CXX_LANGUAGE_STANDARD = "gnu++20";
				CLANG_ENABLE_MODULES = YES;
				CLANG_ENABLE_OBJC_ARC = YES;
				CLANG_ENABLE_OBJC_WEAK = YES;
				CLANG_WARN_BLOCK_CAPTURE_AUTORELEASING = YES;
				CLANG_WARN_BOOL_CONVERSION = YES;
				CLANG_WARN_COMMA = YES;
				CLANG_WARN_CONSTANT_CONVERSION = YES;
				CLANG_WARN_DEPRECATED_OBJC_IMPLEMENTATIONS = YES;
				CLANG_WARN_DIRECT_OBJC_ISA_USAGE = YES_ERROR;
				CLANG_WARN_DOCUMENTATION_COMMENTS = YES;
				CLANG_WARN_EMPTY_BODY = YES;
				CLANG_WARN_ENUM_CONVERSION = YES;
				CLANG_WARN_INFINITE_RECURSION = YES;
				CLANG_WARN_INT_CONVERSION = YES;
				CLANG_WARN_NON_LITERAL_NULL_CONVERSION = YES;
				CLANG_WARN_OBJC_IMPLICIT_RETAIN_SELF = YES;
				CLANG_WARN_OBJC_LITERAL_CONVERSION = YES;
				CLANG_WARN_OBJC_ROOT_CLASS = YES_ERROR;
				CLANG_WARN_QUOTED_INCLUDE_IN_FRAMEWORK_HEADER = YES;
				CLANG_WARN_RANGE_LOOP_ANALYSIS = YES;
				CLANG_WARN_STRICT_PROTOTYPES = YES;
				CLANG_WARN_SUSPICIOUS_MOVE = YES;
				CLANG_WARN_UNGUARDED_AVAILABILITY = YES_AGGRESSIVE;
				CLANG_WARN_UNREACHABLE_CODE = YES;
				CLANG_WARN__DUPLICATE_METHOD_MATCH = YES;
				COPY_PHASE_STRIP = NO;
				DEBUG_INFORMATION_FORMAT = dwarf;
				ENABLE_STRICT_OBJC_MSGSEND = YES;
				ENABLE_TESTABILITY = YES;
				GCC_C_LANGUAGE_STANDARD = gnu11;
				GCC_DYNAMIC_NO_PIC = NO;
				GCC_NO_COMMON_BLOCKS = YES;
				GCC_OPTIMIZATION_LEVEL = 0;
				GCC_PREPROCESSOR_DEFINITIONS = (
					"DEBUG=1",
					"$(inherited)",
				);
				GCC_WARN_64_TO_32_BIT_CONVERSION = YES;
				GCC_WARN_ABOUT_RETURN_TYPE = YES_ERROR;
				GCC_WARN_UNDECLARED_SELECTOR = YES;
				GCC_WARN_UNINITIALIZED_AUTOS = YES_AGGRESSIVE;
				GCC_WARN_UNUSED_FUNCTION = YES;
				GCC_WARN_UNUSED_VARIABLE = YES;
				IPHONEOS_DEPLOYMENT_TARGET = 16.4;
				MTL_ENABLE_DEBUG_INFO = INCLUDE_SOURCE;
				MTL_FAST_MATH = YES;
				ONLY_ACTIVE_ARCH = YES;
				SDKROOT = iphoneos;
				SWIFT_ACTIVE_COMPILATION_CONDITIONS = DEBUG;
				SWIFT_OPTIMIZATION_LEVEL = "-Onone";
			};
			name = Debug;
		};
		721E76F52A20BFE4001DFBBF /* Release */ = {
			isa = XCBuildConfiguration;
			buildSettings = {
				ALWAYS_SEARCH_USER_PATHS = NO;
				CLANG_ANALYZER_NONNULL = YES;
				CLANG_ANALYZER_NUMBER_OBJECT_CONVERSION = YES_AGGRESSIVE;
				CLANG_CXX_LANGUAGE_STANDARD = "gnu++20";
				CLANG_ENABLE_MODULES = YES;
				CLANG_ENABLE_OBJC_ARC = YES;
				CLANG_ENABLE_OBJC_WEAK = YES;
				CLANG_WARN_BLOCK_CAPTURE_AUTORELEASING = YES;
				CLANG_WARN_BOOL_CONVERSION = YES;
				CLANG_WARN_COMMA = YES;
				CLANG_WARN_CONSTANT_CONVERSION = YES;
				CLANG_WARN_DEPRECATED_OBJC_IMPLEMENTATIONS = YES;
				CLANG_WARN_DIRECT_OBJC_ISA_USAGE = YES_ERROR;
				CLANG_WARN_DOCUMENTATION_COMMENTS = YES;
				CLANG_WARN_EMPTY_BODY = YES;
				CLANG_WARN_ENUM_CONVERSION = YES;
				CLANG_WARN_INFINITE_RECURSION = YES;
				CLANG_WARN_INT_CONVERSION = YES;
				CLANG_WARN_NON_LITERAL_NULL_CONVERSION = YES;
				CLANG_WARN_OBJC_IMPLICIT_RETAIN_SELF = YES;
				CLANG_WARN_OBJC_LITERAL_CONVERSION = YES;
				CLANG_WARN_OBJC_ROOT_CLASS = YES_ERROR;
				CLANG_WARN_QUOTED_INCLUDE_IN_FRAMEWORK_HEADER = YES;
				CLANG_WARN_RANGE_LOOP_ANALYSIS = YES;
				CLANG_WARN_STRICT_PROTOTYPES = YES;
				CLANG_WARN_SUSPICIOUS_MOVE = YES;
				CLANG_WARN_UNGUARDED_AVAILABILITY = YES_AGGRESSIVE;
				CLANG_WARN_UNREACHABLE_CODE = YES;
				CLANG_WARN__DUPLICATE_METHOD_MATCH = YES;
				COPY_PHASE_STRIP = NO;
				DEBUG_INFORMATION_FORMAT = "dwarf-with-dsym";
				ENABLE_NS_ASSERTIONS = NO;
				ENABLE_STRICT_OBJC_MSGSEND = YES;
				GCC_C_LANGUAGE_STANDARD = gnu11;
				GCC_NO_COMMON_BLOCKS = YES;
				GCC_WARN_64_TO_32_BIT_CONVERSION = YES;
				GCC_WARN_ABOUT_RETURN_TYPE = YES_ERROR;
				GCC_WARN_UNDECLARED_SELECTOR = YES;
				GCC_WARN_UNINITIALIZED_AUTOS = YES_AGGRESSIVE;
				GCC_WARN_UNUSED_FUNCTION = YES;
				GCC_WARN_UNUSED_VARIABLE = YES;
				IPHONEOS_DEPLOYMENT_TARGET = 16.4;
				MTL_ENABLE_DEBUG_INFO = NO;
				MTL_FAST_MATH = YES;
				SDKROOT = iphoneos;
				SWIFT_COMPILATION_MODE = wholemodule;
				SWIFT_OPTIMIZATION_LEVEL = "-O";
				VALIDATE_PRODUCT = YES;
			};
			name = Release;
		};
		721E76F72A20BFE4001DFBBF /* Debug */ = {
			isa = XCBuildConfiguration;
			buildSettings = {
				ASSETCATALOG_COMPILER_APPICON_NAME = AppIcon;
				ASSETCATALOG_COMPILER_GLOBAL_ACCENT_COLOR_NAME = AccentColor;
				CODE_SIGN_STYLE = Automatic;
				CURRENT_PROJECT_VERSION = 1;
				DEVELOPMENT_ASSET_PATHS = "\"Cardfit/Preview Content\"";
				ENABLE_PREVIEWS = YES;
				GENERATE_INFOPLIST_FILE = YES;
				INFOPLIST_KEY_UIApplicationSceneManifest_Generation = YES;
				INFOPLIST_KEY_UIApplicationSupportsIndirectInputEvents = YES;
				INFOPLIST_KEY_UILaunchScreen_Generation = YES;
				INFOPLIST_KEY_UISupportedInterfaceOrientations_iPad = "UIInterfaceOrientationPortrait UIInterfaceOrientationPortraitUpsideDown UIInterfaceOrientationLandscapeLeft UIInterfaceOrientationLandscapeRight";
				INFOPLIST_KEY_UISupportedInterfaceOrientations_iPhone = "UIInterfaceOrientationPortrait UIInterfaceOrientationLandscapeLeft UIInterfaceOrientationLandscapeRight";
				LD_RUNPATH_SEARCH_PATHS = (
					"$(inherited)",
					"@executable_path/Frameworks",
				);
				MARKETING_VERSION = 1.0;
				PRODUCT_BUNDLE_IDENTIFIER = com.Cardfit;
				PRODUCT_NAME = "$(TARGET_NAME)";
				SWIFT_EMIT_LOC_STRINGS = YES;
				SWIFT_VERSION = 5.0;
				TARGETED_DEVICE_FAMILY = "1,2";
			};
			name = Debug;
		};
		721E76F82A20BFE4001DFBBF /* Release */ = {
			isa = XCBuildConfiguration;
			buildSettings = {
				ASSETCATALOG_COMPILER_APPICON_NAME = AppIcon;
				ASSETCATALOG_COMPILER_GLOBAL_ACCENT_COLOR_NAME = AccentColor;
				CODE_SIGN_STYLE = Automatic;
				CURRENT_PROJECT_VERSION = 1;
				DEVELOPMENT_ASSET_PATHS = "\"Cardfit/Preview Content\"";
				ENABLE_PREVIEWS = YES;
				GENERATE_INFOPLIST_FILE = YES;
				INFOPLIST_KEY_UIApplicationSceneManifest_Generation = YES;
				INFOPLIST_KEY_UIApplicationSupportsIndirectInputEvents = YES;
				INFOPLIST_KEY_UILaunchScreen_Generation = YES;
				INFOPLIST_KEY_UISupportedInterfaceOrientations_iPad = "UIInterfaceOrientationPortrait UIInterfaceOrientationPortraitUpsideDown UIInterfaceOrientationLandscapeLeft UIInterfaceOrientationLandscapeRight";
				INFOPLIST_KEY_UISupportedInterfaceOrientations_iPhone = "UIInterfaceOrientationPortrait UIInterfaceOrientationLandscapeLeft UIInterfaceOrientationLandscapeRight";
				LD_RUNPATH_SEARCH_PATHS = (
					"$(inherited)",
					"@executable_path/Frameworks",
				);
				MARKETING_VERSION = 1.0;
				PRODUCT_BUNDLE_IDENTIFIER = com.Cardfit;
				PRODUCT_NAME = "$(TARGET_NAME)";
				SWIFT_EMIT_LOC_STRINGS = YES;
				SWIFT_VERSION = 5.0;
				TARGETED_DEVICE_FAMILY = "1,2";
			};
			name = Release;
		};
/* End XCBuildConfiguration section */

/* Begin XCConfigurationList section */
		721E76DE2A20BFE2001DFBBF /* Build configuration list for PBXProject "Cardfit" */ = {
			isa = XCConfigurationList;
			buildConfigurations = (
				721E76F42A20BFE4001DFBBF /* Debug */,
				721E76F52A20BFE4001DFBBF /* Release */,
			);
			defaultConfigurationIsVisible = 0;
			defaultConfigurationName = Release;
		};
		721E76F62A20BFE4001DFBBF /* Build configuration list for PBXNativeTarget "Cardfit" */ = {
			isa = XCConfigurationList;
			buildConfigurations = (
				721E76F72A20BFE4001DFBBF /* Debug */,
				721E76F82A20BFE4001DFBBF /* Release */,
			);
			defaultConfigurationIsVisible = 0;
			defaultConfigurationName = Release;
		};
/* End XCConfigurationList section */

/* Begin XCRemoteSwiftPackageReference section */
		721E772C2A247DBB001DFBBF /* XCRemoteSwiftPackageReference "firebase-ios-sdk" */ = {
			isa = XCRemoteSwiftPackageReference;
			repositoryURL = "https://github.com/firebase/firebase-ios-sdk";
			requirement = {
				kind = upToNextMajorVersion;
				minimumVersion = 10.0.0;
			};
		};
/* End XCRemoteSwiftPackageReference section */

/* Begin XCSwiftPackageProductDependency section */
		721E772D2A247DBB001DFBBF /* FirebaseFirestore */ = {
			isa = XCSwiftPackageProductDependency;
			package = 721E772C2A247DBB001DFBBF /* XCRemoteSwiftPackageReference "firebase-ios-sdk" */;
			productName = FirebaseFirestore;
		};
		721E772F2A247DBB001DFBBF /* FirebaseFirestoreSwift */ = {
			isa = XCSwiftPackageProductDependency;
			package = 721E772C2A247DBB001DFBBF /* XCRemoteSwiftPackageReference "firebase-ios-sdk" */;
			productName = FirebaseFirestoreSwift;
		};
		721E77312A247DBB001DFBBF /* FirebaseStorage */ = {
			isa = XCSwiftPackageProductDependency;
			package = 721E772C2A247DBB001DFBBF /* XCRemoteSwiftPackageReference "firebase-ios-sdk" */;
			productName = FirebaseStorage;
		};
/* End XCSwiftPackageProductDependency section */

/* Begin XCVersionGroup section */
		721E76F12A20BFE4001DFBBF /* Cardfit.xcdatamodeld */ = {
			isa = XCVersionGroup;
			children = (
				721E76F22A20BFE4001DFBBF /* Cardfit.xcdatamodel */,
			);
			currentVersion = 721E76F22A20BFE4001DFBBF /* Cardfit.xcdatamodel */;
			path = Cardfit.xcdatamodeld;
			sourceTree = "<group>";
			versionGroupType = wrapper.xcdatamodel;
		};
/* End XCVersionGroup section */
	};
	rootObject = 721E76DB2A20BFE2001DFBBF /* Project object */;
}
